
Microsoft Visual Studio Solution File, Format Version 12.00
# Visual Studio 14
VisualStudioVersion = 14.0.25420.1
MinimumVisualStudioVersion = 10.0.40219.1
Project("{FAE04EC0-301F-11D3-BF4B-00C04F79EFBC}") = "TcpServer", "TcpServer\TcpServer.csproj", "{F38B1CA7-B8C6-4865-BA31-9A67DEE3F9A7}"
EndProject
Project("{FAE04EC0-301F-11D3-BF4B-00C04F79EFBC}") = "UdpServer", "UdpServer\UdpServer.csproj", "{B083A063-EC26-4187-8345-DA5B3D29496C}"
EndProject
Global
	GlobalSection(SolutionConfigurationPlatforms) = preSolution
		Debug|Any CPU = Debug|Any CPU
		Release|Any CPU = Release|Any CPU
	EndGlobalSection
	GlobalSection(ProjectConfigurationPlatforms) = postSolution
		{F38B1CA7-B8C6-4865-BA31-9A67DEE3F9A7}.Debug|Any CPU.ActiveCfg = Debug|Any CPU
		{F38B1CA7-B8C6-4865-BA31-9A67DEE3F9A7}.Debug|Any CPU.Build.0 = Debug|Any CPU
		{F38B1CA7-B8C6-4865-BA31-9A67DEE3F9A7}.Release|Any CPU.ActiveCfg = Release|Any CPU
		{F38B1CA7-B8C6-4865-BA31-9A67DEE3F9A7}.Release|Any CPU.Build.0 = Release|Any CPU
		{B083A063-EC26-4187-8345-DA5B3D29496C}.Debug|Any CPU.ActiveCfg = Debug|Any CPU
		{B083A063-EC26-4187-8345-DA5B3D29496C}.Debug|Any CPU.Build.0 = Debug|Any CPU
		{B083A063-EC26-4187-8345-DA5B3D29496C}.Release|Any CPU.ActiveCfg = Release|Any CPU
		{B083A063-EC26-4187-8345-DA5B3D29496C}.Release|Any CPU.Build.0 = Release|Any CPU
	EndGlobalSection
	GlobalSection(SolutionProperties) = preSolution
		HideSolutionNode = FALSE
	EndGlobalSection
EndGlobal
